
Microsoft Visual Studio Solution File, Format Version 12.00
# Visual Studio Version 16
VisualStudioVersion = 16.0.31129.286
MinimumVisualStudioVersion = 10.0.40219.1
Project("{FAE04EC0-301F-11D3-BF4B-00C04F79EFBC}") = "EncryptNote", "EncryptNote\EncryptNote.csproj", "{B06791DB-A887-4DD3-81EF-E8152DD6AC3D}"
EndProject
Global
	GlobalSection(SolutionConfigurationPlatforms) = preSolution
		Debug|Any CPU = Debug|Any CPU
		Release|Any CPU = Release|Any CPU
	EndGlobalSection
	GlobalSection(ProjectConfigurationPlatforms) = postSolution
		{B06791DB-A887-4DD3-81EF-E8152DD6AC3D}.Debug|Any CPU.ActiveCfg = Debug|Any CPU
		{B06791DB-A887-4DD3-81EF-E8152DD6AC3D}.Debug|Any CPU.Build.0 = Debug|Any CPU
		{B06791DB-A887-4DD3-81EF-E8152DD6AC3D}.Release|Any CPU.ActiveCfg = Release|Any CPU
		{B06791DB-A887-4DD3-81EF-E8152DD6AC3D}.Release|Any CPU.Build.0 = Release|Any CPU
	EndGlobalSection
	GlobalSection(SolutionProperties) = preSolution
		HideSolutionNode = FALSE
	EndGlobalSection
	GlobalSection(ExtensibilityGlobals) = postSolution
		SolutionGuid = {A3F693EC-B693-420A-A55D-FF91EDBACAF0}
	EndGlobalSection
EndGlobal
